<?xml version="1.0" encoding="utf-8"?>
<Project ToolsVersion="17.0" xmlns="http://schemas.microsoft.com/developer/msbuild/2003">
  <ItemGroup>
    <CustomBuild Include="C:\Users\vfxno\Documents\GitHub\TrueMotionFidelityEngine\build_fresh\CMakeFiles\1b5104e44268ff4c146f043d28322905\generate.stamp.rule">
      <Filter>CMake Rules</Filter>
    </CustomBuild>
  </ItemGroup>
  <ItemGroup>
    <Filter Include="CMake Rules">
      <UniqueIdentifier>{47ECF7BA-FCF9-3ABB-92BC-C10082A89BDC}</UniqueIdentifier>
    </Filter>
  </ItemGroup>
</Project>
